
Microsoft Visual Studio Solution File, Format Version 12.00
# Visual Studio Version 16
VisualStudioVersion = 16.0.30114.105
MinimumVisualStudioVersion = 10.0.40219.1
Project("{FAE04EC0-301F-11D3-BF4B-00C04F79EFBC}") = "R5T.T0032", "R5T.T0032\R5T.T0032.csproj", "{8AD4D7E0-A23F-4859-B961-82A68C38D4AC}"
EndProject
Project("{FAE04EC0-301F-11D3-BF4B-00C04F79EFBC}") = "R5T.T0032.Construction", "R5T.T0032.Construction\R5T.T0032.Construction.csproj", "{44C7AEDE-643C-497A-9BC3-B0DC06EB8B61}"
EndProject
Project("{FAE04EC0-301F-11D3-BF4B-00C04F79EFBC}") = "R5T.T0032.X001", "R5T.T0032.X001\R5T.T0032.X001.csproj", "{6DCC914C-94A5-42F7-9E7F-AFBF3F50C107}"
EndProject
Project("{FAE04EC0-301F-11D3-BF4B-00C04F79EFBC}") = "R5T.T0032.X002", "R5T.T0032.X002\R5T.T0032.X002.csproj", "{6704DC46-00F3-48A4-A5F4-F0ABE98DBA17}"
EndProject
Global
	GlobalSection(SolutionConfigurationPlatforms) = preSolution
		Debug|Any CPU = Debug|Any CPU
		Debug|x64 = Debug|x64
		Debug|x86 = Debug|x86
		Release|Any CPU = Release|Any CPU
		Release|x64 = Release|x64
		Release|x86 = Release|x86
	EndGlobalSection
	GlobalSection(SolutionProperties) = preSolution
		HideSolutionNode = FALSE
	EndGlobalSection
	GlobalSection(ProjectConfigurationPlatforms) = postSolution
		{8AD4D7E0-A23F-4859-B961-82A68C38D4AC}.Debug|Any CPU.ActiveCfg = Debug|Any CPU
		{8AD4D7E0-A23F-4859-B961-82A68C38D4AC}.Debug|Any CPU.Build.0 = Debug|Any CPU
		{8AD4D7E0-A23F-4859-B961-82A68C38D4AC}.Debug|x64.ActiveCfg = Debug|Any CPU
		{8AD4D7E0-A23F-4859-B961-82A68C38D4AC}.Debug|x64.Build.0 = Debug|Any CPU
		{8AD4D7E0-A23F-4859-B961-82A68C38D4AC}.Debug|x86.ActiveCfg = Debug|Any CPU
		{8AD4D7E0-A23F-4859-B961-82A68C38D4AC}.Debug|x86.Build.0 = Debug|Any CPU
		{8AD4D7E0-A23F-4859-B961-82A68C38D4AC}.Release|Any CPU.ActiveCfg = Release|Any CPU
		{8AD4D7E0-A23F-4859-B961-82A68C38D4AC}.Release|Any CPU.Build.0 = Release|Any CPU
		{8AD4D7E0-A23F-4859-B961-82A68C38D4AC}.Release|x64.ActiveCfg = Release|Any CPU
		{8AD4D7E0-A23F-4859-B961-82A68C38D4AC}.Release|x64.Build.0 = Release|Any CPU
		{8AD4D7E0-A23F-4859-B961-82A68C38D4AC}.Release|x86.ActiveCfg = Release|Any CPU
		{8AD4D7E0-A23F-4859-B961-82A68C38D4AC}.Release|x86.Build.0 = Release|Any CPU
		{44C7AEDE-643C-497A-9BC3-B0DC06EB8B61}.Debug|Any CPU.ActiveCfg = Debug|Any CPU
		{44C7AEDE-643C-497A-9BC3-B0DC06EB8B61}.Debug|Any CPU.Build.0 = Debug|Any CPU
		{44C7AEDE-643C-497A-9BC3-B0DC06EB8B61}.Debug|x64.ActiveCfg = Debug|Any CPU
		{44C7AEDE-643C-497A-9BC3-B0DC06EB8B61}.Debug|x64.Build.0 = Debug|Any CPU
		{44C7AEDE-643C-497A-9BC3-B0DC06EB8B61}.Debug|x86.ActiveCfg = Debug|Any CPU
		{44C7AEDE-643C-497A-9BC3-B0DC06EB8B61}.Debug|x86.Build.0 = Debug|Any CPU
		{44C7AEDE-643C-497A-9BC3-B0DC06EB8B61}.Release|Any CPU.ActiveCfg = Release|Any CPU
		{44C7AEDE-643C-497A-9BC3-B0DC06EB8B61}.Release|Any CPU.Build.0 = Release|Any CPU
		{44C7AEDE-643C-497A-9BC3-B0DC06EB8B61}.Release|x64.ActiveCfg = Release|Any CPU
		{44C7AEDE-643C-497A-9BC3-B0DC06EB8B61}.Release|x64.Build.0 = Release|Any CPU
		{44C7AEDE-643C-497A-9BC3-B0DC06EB8B61}.Release|x86.ActiveCfg = Release|Any CPU
		{44C7AEDE-643C-497A-9BC3-B0DC06EB8B61}.Release|x86.Build.0 = Release|Any CPU
		{6DCC914C-94A5-42F7-9E7F-AFBF3F50C107}.Debug|Any CPU.ActiveCfg = Debug|Any CPU
		{6DCC914C-94A5-42F7-9E7F-AFBF3F50C107}.Debug|Any CPU.Build.0 = Debug|Any CPU
		{6DCC914C-94A5-42F7-9E7F-AFBF3F50C107}.Debug|x64.ActiveCfg = Debug|Any CPU
		{6DCC914C-94A5-42F7-9E7F-AFBF3F50C107}.Debug|x64.Build.0 = Debug|Any CPU
		{6DCC914C-94A5-42F7-9E7F-AFBF3F50C107}.Debug|x86.ActiveCfg = Debug|Any CPU
		{6DCC914C-94A5-42F7-9E7F-AFBF3F50C107}.Debug|x86.Build.0 = Debug|Any CPU
		{6DCC914C-94A5-42F7-9E7F-AFBF3F50C107}.Release|Any CPU.ActiveCfg = Release|Any CPU
		{6DCC914C-94A5-42F7-9E7F-AFBF3F50C107}.Release|Any CPU.Build.0 = Release|Any CPU
		{6DCC914C-94A5-42F7-9E7F-AFBF3F50C107}.Release|x64.ActiveCfg = Release|Any CPU
		{6DCC914C-94A5-42F7-9E7F-AFBF3F50C107}.Release|x64.Build.0 = Release|Any CPU
		{6DCC914C-94A5-42F7-9E7F-AFBF3F50C107}.Release|x86.ActiveCfg = Release|Any CPU
		{6DCC914C-94A5-42F7-9E7F-AFBF3F50C107}.Release|x86.Build.0 = Release|Any CPU
		{6704DC46-00F3-48A4-A5F4-F0ABE98DBA17}.Debug|Any CPU.ActiveCfg = Debug|Any CPU
		{6704DC46-00F3-48A4-A5F4-F0ABE98DBA17}.Debug|Any CPU.Build.0 = Debug|Any CPU
		{6704DC46-00F3-48A4-A5F4-F0ABE98DBA17}.Debug|x64.ActiveCfg = Debug|Any CPU
		{6704DC46-00F3-48A4-A5F4-F0ABE98DBA17}.Debug|x64.Build.0 = Debug|Any CPU
		{6704DC46-00F3-48A4-A5F4-F0ABE98DBA17}.Debug|x86.ActiveCfg = Debug|Any CPU
		{6704DC46-00F3-48A4-A5F4-F0ABE98DBA17}.Debug|x86.Build.0 = Debug|Any CPU
		{6704DC46-00F3-48A4-A5F4-F0ABE98DBA17}.Release|Any CPU.ActiveCfg = Release|Any CPU
		{6704DC46-00F3-48A4-A5F4-F0ABE98DBA17}.Release|Any CPU.Build.0 = Release|Any CPU
		{6704DC46-00F3-48A4-A5F4-F0ABE98DBA17}.Release|x64.ActiveCfg = Release|Any CPU
		{6704DC46-00F3-48A4-A5F4-F0ABE98DBA17}.Release|x64.Build.0 = Release|Any CPU
		{6704DC46-00F3-48A4-A5F4-F0ABE98DBA17}.Release|x86.ActiveCfg = Release|Any CPU
		{6704DC46-00F3-48A4-A5F4-F0ABE98DBA17}.Release|x86.Build.0 = Release|Any CPU
	EndGlobalSection
EndGlobal
